
Microsoft Visual Studio Solution File, Format Version 12.00
# Visual Studio Version 17
VisualStudioVersion = 17.5.33424.131
MinimumVisualStudioVersion = 10.0.40219.1
Project("{FAE04EC0-301F-11D3-BF4B-00C04F79EFBC}") = "AkademiPlusSignalR.Api", "AkademiPlusSignalR.Api\AkademiPlusSignalR.Api.csproj", "{18EDDCC2-D506-48DD-A962-A4BB9C8A9201}"
EndProject
Project("{FAE04EC0-301F-11D3-BF4B-00C04F79EFBC}") = "AkademiPlusSignalR.Client", "AkademiPlusSignalR.Client\AkademiPlusSignalR.Client.csproj", "{09EFFD62-7643-4551-A8A8-C587777F8606}"
EndProject
Global
	GlobalSection(SolutionConfigurationPlatforms) = preSolution
		Debug|Any CPU = Debug|Any CPU
		Release|Any CPU = Release|Any CPU
	EndGlobalSection
	GlobalSection(ProjectConfigurationPlatforms) = postSolution
		{18EDDCC2-D506-48DD-A962-A4BB9C8A9201}.Debug|Any CPU.ActiveCfg = Debug|Any CPU
		{18EDDCC2-D506-48DD-A962-A4BB9C8A9201}.Debug|Any CPU.Build.0 = Debug|Any CPU
		{18EDDCC2-D506-48DD-A962-A4BB9C8A9201}.Release|Any CPU.ActiveCfg = Release|Any CPU
		{18EDDCC2-D506-48DD-A962-A4BB9C8A9201}.Release|Any CPU.Build.0 = Release|Any CPU
		{09EFFD62-7643-4551-A8A8-C587777F8606}.Debug|Any CPU.ActiveCfg = Debug|Any CPU
		{09EFFD62-7643-4551-A8A8-C587777F8606}.Debug|Any CPU.Build.0 = Debug|Any CPU
		{09EFFD62-7643-4551-A8A8-C587777F8606}.Release|Any CPU.ActiveCfg = Release|Any CPU
		{09EFFD62-7643-4551-A8A8-C587777F8606}.Release|Any CPU.Build.0 = Release|Any CPU
	EndGlobalSection
	GlobalSection(SolutionProperties) = preSolution
		HideSolutionNode = FALSE
	EndGlobalSection
	GlobalSection(ExtensibilityGlobals) = postSolution
		SolutionGuid = {622C7534-31BD-4135-8108-549AA7FEC01B}
	EndGlobalSection
EndGlobal
